
Microsoft Visual Studio Solution File, Format Version 12.00
# Visual Studio 15
VisualStudioVersion = 15.0.28307.1145
MinimumVisualStudioVersion = 10.0.40219.1
Project("{FAE04EC0-301F-11D3-BF4B-00C04F79EFBC}") = "ExerciceRestoComposants", "ExerciceRestoComposants\ExerciceRestoComposants.csproj", "{58AF4A33-29B5-4E9D-B241-5C9D9CAB0701}"
EndProject
Global
	GlobalSection(SolutionConfigurationPlatforms) = preSolution
		Debug|Any CPU = Debug|Any CPU
		Release|Any CPU = Release|Any CPU
	EndGlobalSection
	GlobalSection(ProjectConfigurationPlatforms) = postSolution
		{58AF4A33-29B5-4E9D-B241-5C9D9CAB0701}.Debug|Any CPU.ActiveCfg = Debug|Any CPU
		{58AF4A33-29B5-4E9D-B241-5C9D9CAB0701}.Debug|Any CPU.Build.0 = Debug|Any CPU
		{58AF4A33-29B5-4E9D-B241-5C9D9CAB0701}.Release|Any CPU.ActiveCfg = Release|Any CPU
		{58AF4A33-29B5-4E9D-B241-5C9D9CAB0701}.Release|Any CPU.Build.0 = Release|Any CPU
	EndGlobalSection
	GlobalSection(SolutionProperties) = preSolution
		HideSolutionNode = FALSE
	EndGlobalSection
	GlobalSection(ExtensibilityGlobals) = postSolution
		SolutionGuid = {46E6153A-5B51-439C-A028-64B002188351}
	EndGlobalSection
EndGlobal
